
Microsoft Visual Studio Solution File, Format Version 12.00
# Visual Studio Version 16
VisualStudioVersion = 16.0.31019.35
MinimumVisualStudioVersion = 10.0.40219.1
Project("{8BC9CEB8-8B4A-11D0-8D11-00A0C91BC942}") = "SeaFight", "SeaFight\SeaFight.vcxproj", "{B5DBFC89-0A59-4A35-9921-D4AF0741FAC1}"
EndProject
Global
	GlobalSection(SolutionConfigurationPlatforms) = preSolution
		Debug|x64 = Debug|x64
		Debug|x86 = Debug|x86
		Release|x64 = Release|x64
		Release|x86 = Release|x86
	EndGlobalSection
	GlobalSection(ProjectConfigurationPlatforms) = postSolution
		{B5DBFC89-0A59-4A35-9921-D4AF0741FAC1}.Debug|x64.ActiveCfg = Debug|x64
		{B5DBFC89-0A59-4A35-9921-D4AF0741FAC1}.Debug|x64.Build.0 = Debug|x64
		{B5DBFC89-0A59-4A35-9921-D4AF0741FAC1}.Debug|x86.ActiveCfg = Debug|Win32
		{B5DBFC89-0A59-4A35-9921-D4AF0741FAC1}.Debug|x86.Build.0 = Debug|Win32
		{B5DBFC89-0A59-4A35-9921-D4AF0741FAC1}.Release|x64.ActiveCfg = Release|x64
		{B5DBFC89-0A59-4A35-9921-D4AF0741FAC1}.Release|x64.Build.0 = Release|x64
		{B5DBFC89-0A59-4A35-9921-D4AF0741FAC1}.Release|x86.ActiveCfg = Release|Win32
		{B5DBFC89-0A59-4A35-9921-D4AF0741FAC1}.Release|x86.Build.0 = Release|Win32
	EndGlobalSection
	GlobalSection(SolutionProperties) = preSolution
		HideSolutionNode = FALSE
	EndGlobalSection
	GlobalSection(ExtensibilityGlobals) = postSolution
		SolutionGuid = {F16BFAF6-C9B8-4266-8D52-EDCF6F96D12C}
	EndGlobalSection
EndGlobal
